{
    "_readme": [
        "This file locks the dependencies of your project to a known state",
        "Read more about it at https://getcomposer.org/doc/01-basic-usage.md#composer-lock-the-lock-file",
        "This file is @generated automatically"
    ],
    "content-hash": "3c8c4f054b24dfe690f2034c63692a0d",
    "packages": [
        {
            "name": "erorus/db2",
            "version": "dev-master",
            "source": {
                "type": "git",
                "url": "https://github.com/erorus/db2.git",
                "reference": "6e60e1c5f3cb8100453b6fd6a283a550b1584d07"
            },
            "dist": {
                "type": "zip",
                "url": "https://api.github.com/repos/erorus/db2/zipball/6e60e1c5f3cb8100453b6fd6a283a550b1584d07",
                "reference": "6e60e1c5f3cb8100453b6fd6a283a550b1584d07",
                "shasum": ""
            },
            "require": {
                "ext-curl": "*",
                "ext-gmp": "*",
                "ext-mbstring": "*"
            },
            "type": "library",
            "autoload": {
                "psr-4": {
                    "Erorus\\DB2\\": "src/Erorus/DB2/"
                }
            },
            "license": [
                "Apache-2.0"
            ],
            "authors": [
                {
                    "name": "Erorus",
                    "email": "github@theunderminejournal.com"
                }
            ],
            "description": "DB2 Reader for World of Warcraft data files",
            "homepage": "https://github.com/erorus/db2",
            "support": {
                "source": "https://github.com/erorus/db2/tree/master",
                "issues": "https://github.com/erorus/db2/issues"
            },
            "time": "2020-04-07T21:11:20+00:00"
        },
        {
            "name": "guzzlehttp/psr7",
            "version": "1.x-dev",
            "source": {
                "type": "git",
                "url": "https://github.com/guzzle/psr7.git",
                "reference": "188cc82398f157483976ccf61bd04ee80afcf29c"
            },
            "dist": {
                "type": "zip",
                "url": "https://api.github.com/repos/guzzle/psr7/zipball/188cc82398f157483976ccf61bd04ee80afcf29c",
                "reference": "188cc82398f157483976ccf61bd04ee80afcf29c",
                "shasum": ""
            },
            "require": {
                "php": ">=5.4.0",
                "psr/http-message": "~1.0",
                "ralouphie/getallheaders": "^2.0.5 || ^3.0.0"
            },
            "provide": {
                "psr/http-message-implementation": "1.0"
            },
            "require-dev": {
                "ext-zlib": "*",
                "phpunit/phpunit": "~4.8.36 || ^5.7.27 || ^6.5.8"
            },
            "suggest": {
                "laminas/laminas-httphandlerrunner": "Emit PSR-7 responses"
            },
            "type": "library",
            "extra": {
                "branch-alias": {
                    "dev-master": "1.6-dev"
                }
            },
            "autoload": {
                "psr-4": {
                    "GuzzleHttp\\Psr7\\": "src/"
                },
                "files": [
                    "src/functions_include.php"
                ]
            },
            "notification-url": "https://packagist.org/downloads/",
            "license": [
                "MIT"
            ],
            "authors": [
                {
                    "name": "Michael Dowling",
                    "email": "mtdowling@gmail.com",
                    "homepage": "https://github.com/mtdowling"
                },
                {
                    "name": "Tobias Schultze",
                    "homepage": "https://github.com/Tobion"
                }
            ],
            "description": "PSR-7 message implementation that also provides common utility methods",
            "keywords": [
                "http",
                "message",
                "psr-7",
                "request",
                "response",
                "stream",
                "uri",
                "url"
            ],
            "time": "2020-05-17T20:05:25+00:00"
        },
        {
            "name": "psr/http-message",
            "version": "dev-master",
            "source": {
                "type": "git",
                "url": "https://github.com/php-fig/http-message.git",
                "reference": "efd67d1dc14a7ef4fc4e518e7dee91c271d524e4"
            },
            "dist": {
                "type": "zip",
                "url": "https://api.github.com/repos/php-fig/http-message/zipball/efd67d1dc14a7ef4fc4e518e7dee91c271d524e4",
                "reference": "efd67d1dc14a7ef4fc4e518e7dee91c271d524e4",
                "shasum": ""
            },
            "require": {
                "php": ">=5.3.0"
            },
            "type": "library",
            "extra": {
                "branch-alias": {
                    "dev-master": "1.0.x-dev"
                }
            },
            "autoload": {
                "psr-4": {
                    "Psr\\Http\\Message\\": "src/"
                }
            },
            "notification-url": "https://packagist.org/downloads/",
            "license": [
                "MIT"
            ],
            "authors": [
                {
                    "name": "PHP-FIG",
                    "homepage": "http://www.php-fig.org/"
                }
            ],
            "description": "Common interface for HTTP messages",
            "homepage": "https://github.com/php-fig/http-message",
            "keywords": [
                "http",
                "http-message",
                "psr",
                "psr-7",
                "request",
                "response"
            ],
            "time": "2019-08-29T13:16:46+00:00"
        },
        {
            "name": "ralouphie/getallheaders",
            "version": "3.0.3",
            "source": {
                "type": "git",
                "url": "https://github.com/ralouphie/getallheaders.git",
                "reference": "120b605dfeb996808c31b6477290a714d356e822"
            },
            "dist": {
                "type": "zip",
                "url": "https://api.github.com/repos/ralouphie/getallheaders/zipball/120b605dfeb996808c31b6477290a714d356e822",
                "reference": "120b605dfeb996808c31b6477290a714d356e822",
                "shasum": ""
            },
            "require": {
                "php": ">=5.6"
            },
            "require-dev": {
                "php-coveralls/php-coveralls": "^2.1",
                "phpunit/phpunit": "^5 || ^6.5"
            },
            "type": "library",
            "autoload": {
                "files": [
                    "src/getallheaders.php"
                ]
            },
            "notification-url": "https://packagist.org/downloads/",
            "license": [
                "MIT"
            ],
            "authors": [
                {
                    "name": "Ralph Khattar",
                    "email": "ralph.khattar@gmail.com"
                }
            ],
            "description": "A polyfill for getallheaders.",
            "time": "2019-03-08T08:55:37+00:00"
        },
        {
            "name": "symfony/polyfill-iconv",
            "version": "dev-master",
            "source": {
                "type": "git",
                "url": "https://github.com/symfony/polyfill-iconv.git",
                "reference": "ba6c9c18db36235b859cc29b8372d1c01298c035"
            },
            "dist": {
                "type": "zip",
                "url": "https://api.github.com/repos/symfony/polyfill-iconv/zipball/ba6c9c18db36235b859cc29b8372d1c01298c035",
                "reference": "ba6c9c18db36235b859cc29b8372d1c01298c035",
                "shasum": ""
            },
            "require": {
                "php": ">=5.3.3"
            },
            "suggest": {
                "ext-iconv": "For best performance"
            },
            "type": "library",
            "extra": {
                "branch-alias": {
                    "dev-master": "1.17-dev"
                },
                "thanks": {
                    "name": "symfony/polyfill",
                    "url": "https://github.com/symfony/polyfill"
                }
            },
            "autoload": {
                "psr-4": {
                    "Symfony\\Polyfill\\Iconv\\": ""
                },
                "files": [
                    "bootstrap.php"
                ]
            },
            "notification-url": "https://packagist.org/downloads/",
            "license": [
                "MIT"
            ],
            "authors": [
                {
                    "name": "Nicolas Grekas",
                    "email": "p@tchwork.com"
                },
                {
                    "name": "Symfony Community",
                    "homepage": "https://symfony.com/contributors"
                }
            ],
            "description": "Symfony polyfill for the Iconv extension",
            "homepage": "https://symfony.com",
            "keywords": [
                "compatibility",
                "iconv",
                "polyfill",
                "portable",
                "shim"
            ],
            "time": "2020-06-06T08:46:27+00:00"
        },
        {
            "name": "symfony/polyfill-mbstring",
            "version": "dev-master",
            "source": {
                "type": "git",
                "url": "https://github.com/symfony/polyfill-mbstring.git",
                "reference": "7110338d81ce1cbc3e273136e4574663627037a7"
            },
            "dist": {
                "type": "zip",
                "url": "https://api.github.com/repos/symfony/polyfill-mbstring/zipball/7110338d81ce1cbc3e273136e4574663627037a7",
                "reference": "7110338d81ce1cbc3e273136e4574663627037a7",
                "shasum": ""
            },
            "require": {
                "php": ">=5.3.3"
            },
            "suggest": {
                "ext-mbstring": "For best performance"
            },
            "type": "library",
            "extra": {
                "branch-alias": {
                    "dev-master": "1.17-dev"
                },
                "thanks": {
                    "name": "symfony/polyfill",
                    "url": "https://github.com/symfony/polyfill"
                }
            },
            "autoload": {
                "psr-4": {
                    "Symfony\\Polyfill\\Mbstring\\": ""
                },
                "files": [
                    "bootstrap.php"
                ]
            },
            "notification-url": "https://packagist.org/downloads/",
            "license": [
                "MIT"
            ],
            "authors": [
                {
                    "name": "Nicolas Grekas",
                    "email": "p@tchwork.com"
                },
                {
                    "name": "Symfony Community",
                    "homepage": "https://symfony.com/contributors"
                }
            ],
            "description": "Symfony polyfill for the Mbstring extension",
            "homepage": "https://symfony.com",
            "keywords": [
                "compatibility",
                "mbstring",
                "polyfill",
                "portable",
                "shim"
            ],
            "time": "2020-06-06T08:46:27+00:00"
        },
        {
            "name": "zbateson/mail-mime-parser",
            "version": "dev-master",
            "source": {
                "type": "git",
                "url": "https://github.com/zbateson/mail-mime-parser.git",
                "reference": "184302c1ea48519c3070525db9b5bfd3f7f3da97"
            },
            "dist": {
                "type": "zip",
                "url": "https://api.github.com/repos/zbateson/mail-mime-parser/zipball/184302c1ea48519c3070525db9b5bfd3f7f3da97",
                "reference": "184302c1ea48519c3070525db9b5bfd3f7f3da97",
                "shasum": ""
            },
            "require": {
                "guzzlehttp/psr7": "^1.0",
                "php": ">=5.4",
                "zbateson/mb-wrapper": "^1.0",
                "zbateson/stream-decorators": "^1.0.3"
            },
            "require-dev": {
                "jms/serializer": "^1.1",
                "mikey179/vfsstream": "^1.6.0",
                "phing/phing": "^2.15.0",
                "phpdocumentor/phpdocumentor": "^2.9.0",
                "phpunit/phpunit": "^4.8 || ^5.7 || ^6.5 || ^7.5"
            },
            "suggest": {
                "ext-iconv": "For best support/performance",
                "ext-mbstring": "For best support/performance"
            },
            "type": "library",
            "autoload": {
                "psr-4": {
                    "ZBateson\\MailMimeParser\\": "src/"
                }
            },
            "notification-url": "https://packagist.org/downloads/",
            "license": [
                "BSD-2-Clause"
            ],
            "authors": [
                {
                    "name": "Zaahid Bateson"
                },
                {
                    "name": "Contributors",
                    "homepage": "https://github.com/zbateson/mail-mime-parser/graphs/contributors"
                }
            ],
            "description": "MIME email message parser",
            "homepage": "https://mail-mime-parser.org",
            "keywords": [
                "MimeMailParser",
                "email",
                "mail",
                "mailparse",
                "mime",
                "mimeparse",
                "parser",
                "php-imap"
            ],
            "time": "2020-06-07T21:00:04+00:00"
        },
        {
            "name": "zbateson/mb-wrapper",
            "version": "1.0.0",
            "source": {
                "type": "git",
                "url": "https://github.com/zbateson/mb-wrapper.git",
                "reference": "723f25a1ab0e4e662efa8d89f38da751c799134a"
            },
            "dist": {
                "type": "zip",
                "url": "https://api.github.com/repos/zbateson/mb-wrapper/zipball/723f25a1ab0e4e662efa8d89f38da751c799134a",
                "reference": "723f25a1ab0e4e662efa8d89f38da751c799134a",
                "shasum": ""
            },
            "require": {
                "php": ">=5.4",
                "symfony/polyfill-iconv": "^1.9",
                "symfony/polyfill-mbstring": "^1.9"
            },
            "require-dev": {
                "phpunit/phpunit": "^4.8 || ^5.7 || ^6.5"
            },
            "suggest": {
                "ext-iconv": "For best support/performance",
                "ext-mbstring": "For best support/performance"
            },
            "type": "library",
            "autoload": {
                "psr-4": {
                    "ZBateson\\MbWrapper\\": "src/"
                }
            },
            "notification-url": "https://packagist.org/downloads/",
            "license": [
                "BSD-2-Clause"
            ],
            "authors": [
                {
                    "name": "Zaahid Bateson"
                }
            ],
            "description": "Wrapper for mbstring with fallback to iconv for encoding conversion and string manipulation",
            "homepage": "https://github.com/zbateson/StreamDecorators",
            "keywords": [
                "charset",
                "encoding",
                "http",
                "iconv",
                "mail",
                "mb",
                "mb_convert_encoding",
                "mbstring",
                "mime",
                "multibyte",
                "string"
            ],
            "time": "2018-09-28T17:43:01+00:00"
        },
        {
            "name": "zbateson/stream-decorators",
            "version": "1.0.3",
            "source": {
                "type": "git",
                "url": "https://github.com/zbateson/stream-decorators.git",
                "reference": "a1873c22d2d6189931dd145d766157c6f75cc8d7"
            },
            "dist": {
                "type": "zip",
                "url": "https://api.github.com/repos/zbateson/stream-decorators/zipball/a1873c22d2d6189931dd145d766157c6f75cc8d7",
                "reference": "a1873c22d2d6189931dd145d766157c6f75cc8d7",
                "shasum": ""
            },
            "require": {
                "guzzlehttp/psr7": "^1.0.0",
                "php": ">=5.4",
                "zbateson/mb-wrapper": "^1.0.0"
            },
            "require-dev": {
                "phpunit/phpunit": "^4.8 || ^5.7 || ^6.5 || ^7.5"
            },
            "type": "library",
            "autoload": {
                "psr-4": {
                    "ZBateson\\StreamDecorators\\": "src/"
                }
            },
            "notification-url": "https://packagist.org/downloads/",
            "license": [
                "BSD-2-Clause"
            ],
            "authors": [
                {
                    "name": "Zaahid Bateson"
                }
            ],
            "description": "PHP psr7 stream decorators for mime message part streams",
            "keywords": [
                "base64",
                "charset",
                "decorators",
                "mail",
                "mime",
                "psr7",
                "quoted-printable",
                "stream",
                "uuencode"
            ],
            "time": "2020-02-10T00:22:40+00:00"
        }
    ],
    "packages-dev": [],
    "aliases": [],
    "minimum-stability": "dev",
    "stability-flags": {
        "zbateson/mail-mime-parser": 20
    },
    "prefer-stable": false,
    "prefer-lowest": false,
    "platform": {
        "php-64bit": "^7.2",
        "ext-curl": "*",
        "ext-zlib": "*"
    },
    "platform-dev": []
}
