{
    "_readme": [
        "This file locks the dependencies of your project to a known state",
        "Read more about it at https://getcomposer.org/doc/01-basic-usage.md#installing-dependencies",
        "This file is @generated automatically"
    ],
    "content-hash": "6a9630189189914957fb87ca93276cc5",
    "packages": [
        {
            "name": "erorus/db2",
            "version": "dev-master",
            "source": {
                "type": "git",
                "url": "https://github.com/erorus/db2.git",
                "reference": "1dcc652473078de1111a898a55691c418cb64fea"
            },
            "dist": {
                "type": "zip",
                "url": "https://api.github.com/repos/erorus/db2/zipball/1dcc652473078de1111a898a55691c418cb64fea",
                "reference": "1dcc652473078de1111a898a55691c418cb64fea",
                "shasum": ""
            },
            "require": {
                "ext-curl": "*",
                "ext-gmp": "*",
                "ext-mbstring": "*"
            },
            "default-branch": true,
            "type": "library",
            "autoload": {
                "psr-4": {
                    "Erorus\\DB2\\": "src/Erorus/DB2/"
                }
            },
            "license": [
                "Apache-2.0"
            ],
            "authors": [
                {
                    "name": "Erorus",
                    "email": "github@theunderminejournal.com"
                }
            ],
            "description": "DB2 Reader for World of Warcraft data files",
            "homepage": "https://github.com/erorus/db2",
            "support": {
                "source": "https://github.com/erorus/db2/tree/master",
                "issues": "https://github.com/erorus/db2/issues"
            },
            "time": "2024-01-17T17:57:05+00:00"
        }
    ],
    "packages-dev": [],
    "aliases": [],
    "minimum-stability": "dev",
    "stability-flags": {},
    "prefer-stable": false,
    "prefer-lowest": false,
    "platform": {
        "ext-curl": "*",
        "ext-zlib": "*"
    },
    "platform-dev": {},
    "plugin-api-version": "2.6.0"
}
